
Microsoft Visual Studio Solution File, Format Version 12.00
# Visual Studio 15
VisualStudioVersion = 15.0.28010.2050
MinimumVisualStudioVersion = 10.0.40219.1
Project("{FAE04EC0-301F-11D3-BF4B-00C04F79EFBC}") = "UITestSampleApp.Android", "UITestSampleApp\UITestSampleApp.Android\UITestSampleApp.Android.csproj", "{24CE3C36-16B9-426D-AA0C-5961ECF8D88C}"
EndProject
Project("{FAE04EC0-301F-11D3-BF4B-00C04F79EFBC}") = "UITestSampleApp.iOS", "UITestSampleApp\UITestSampleApp.iOS\UITestSampleApp.iOS.csproj", "{C1CBE313-1FD9-41BD-BE0F-4A820D4B448C}"
EndProject
Project("{FAE04EC0-301F-11D3-BF4B-00C04F79EFBC}") = "UITestSampleApp", "UITestSampleApp\UITestSampleApp\UITestSampleApp.csproj", "{8F170FED-E7AB-4440-B51C-CC694E20176E}"
EndProject
Global
	GlobalSection(SolutionConfigurationPlatforms) = preSolution
		Debug|Any CPU = Debug|Any CPU
		Debug|iPhone = Debug|iPhone
		Debug|iPhoneSimulator = Debug|iPhoneSimulator
		Release|Any CPU = Release|Any CPU
		Release|iPhone = Release|iPhone
		Release|iPhoneSimulator = Release|iPhoneSimulator
	EndGlobalSection
	GlobalSection(ProjectConfigurationPlatforms) = postSolution
		{24CE3C36-16B9-426D-AA0C-5961ECF8D88C}.Debug|Any CPU.ActiveCfg = Debug|Any CPU
		{24CE3C36-16B9-426D-AA0C-5961ECF8D88C}.Debug|Any CPU.Build.0 = Debug|Any CPU
		{24CE3C36-16B9-426D-AA0C-5961ECF8D88C}.Debug|Any CPU.Deploy.0 = Debug|Any CPU
		{24CE3C36-16B9-426D-AA0C-5961ECF8D88C}.Debug|iPhone.ActiveCfg = Debug|Any CPU
		{24CE3C36-16B9-426D-AA0C-5961ECF8D88C}.Debug|iPhone.Build.0 = Debug|Any CPU
		{24CE3C36-16B9-426D-AA0C-5961ECF8D88C}.Debug|iPhone.Deploy.0 = Debug|Any CPU
		{24CE3C36-16B9-426D-AA0C-5961ECF8D88C}.Debug|iPhoneSimulator.ActiveCfg = Debug|Any CPU
		{24CE3C36-16B9-426D-AA0C-5961ECF8D88C}.Debug|iPhoneSimulator.Build.0 = Debug|Any CPU
		{24CE3C36-16B9-426D-AA0C-5961ECF8D88C}.Debug|iPhoneSimulator.Deploy.0 = Debug|Any CPU
		{24CE3C36-16B9-426D-AA0C-5961ECF8D88C}.Release|Any CPU.ActiveCfg = Release|Any CPU
		{24CE3C36-16B9-426D-AA0C-5961ECF8D88C}.Release|Any CPU.Build.0 = Release|Any CPU
		{24CE3C36-16B9-426D-AA0C-5961ECF8D88C}.Release|Any CPU.Deploy.0 = Release|Any CPU
		{24CE3C36-16B9-426D-AA0C-5961ECF8D88C}.Release|iPhone.ActiveCfg = Release|Any CPU
		{24CE3C36-16B9-426D-AA0C-5961ECF8D88C}.Release|iPhone.Build.0 = Release|Any CPU
		{24CE3C36-16B9-426D-AA0C-5961ECF8D88C}.Release|iPhone.Deploy.0 = Release|Any CPU
		{24CE3C36-16B9-426D-AA0C-5961ECF8D88C}.Release|iPhoneSimulator.ActiveCfg = Release|Any CPU
		{24CE3C36-16B9-426D-AA0C-5961ECF8D88C}.Release|iPhoneSimulator.Build.0 = Release|Any CPU
		{24CE3C36-16B9-426D-AA0C-5961ECF8D88C}.Release|iPhoneSimulator.Deploy.0 = Release|Any CPU
		{C1CBE313-1FD9-41BD-BE0F-4A820D4B448C}.Debug|Any CPU.ActiveCfg = Debug|iPhoneSimulator
		{C1CBE313-1FD9-41BD-BE0F-4A820D4B448C}.Debug|Any CPU.Build.0 = Debug|iPhoneSimulator
		{C1CBE313-1FD9-41BD-BE0F-4A820D4B448C}.Debug|Any CPU.Deploy.0 = Debug|iPhoneSimulator
		{C1CBE313-1FD9-41BD-BE0F-4A820D4B448C}.Debug|iPhone.ActiveCfg = Debug|iPhone
		{C1CBE313-1FD9-41BD-BE0F-4A820D4B448C}.Debug|iPhone.Build.0 = Debug|iPhone
		{C1CBE313-1FD9-41BD-BE0F-4A820D4B448C}.Debug|iPhone.Deploy.0 = Debug|iPhone
		{C1CBE313-1FD9-41BD-BE0F-4A820D4B448C}.Debug|iPhoneSimulator.ActiveCfg = Debug|iPhoneSimulator
		{C1CBE313-1FD9-41BD-BE0F-4A820D4B448C}.Debug|iPhoneSimulator.Build.0 = Debug|iPhoneSimulator
		{C1CBE313-1FD9-41BD-BE0F-4A820D4B448C}.Debug|iPhoneSimulator.Deploy.0 = Debug|iPhoneSimulator
		{C1CBE313-1FD9-41BD-BE0F-4A820D4B448C}.Release|Any CPU.ActiveCfg = Release|iPhone
		{C1CBE313-1FD9-41BD-BE0F-4A820D4B448C}.Release|Any CPU.Build.0 = Release|iPhone
		{C1CBE313-1FD9-41BD-BE0F-4A820D4B448C}.Release|Any CPU.Deploy.0 = Release|iPhone
		{C1CBE313-1FD9-41BD-BE0F-4A820D4B448C}.Release|iPhone.ActiveCfg = Release|iPhone
		{C1CBE313-1FD9-41BD-BE0F-4A820D4B448C}.Release|iPhone.Build.0 = Release|iPhone
		{C1CBE313-1FD9-41BD-BE0F-4A820D4B448C}.Release|iPhone.Deploy.0 = Release|iPhone
		{C1CBE313-1FD9-41BD-BE0F-4A820D4B448C}.Release|iPhoneSimulator.ActiveCfg = Release|iPhoneSimulator
		{C1CBE313-1FD9-41BD-BE0F-4A820D4B448C}.Release|iPhoneSimulator.Build.0 = Release|iPhoneSimulator
		{C1CBE313-1FD9-41BD-BE0F-4A820D4B448C}.Release|iPhoneSimulator.Deploy.0 = Release|iPhoneSimulator
		{8F170FED-E7AB-4440-B51C-CC694E20176E}.Debug|Any CPU.ActiveCfg = Debug|Any CPU
		{8F170FED-E7AB-4440-B51C-CC694E20176E}.Debug|Any CPU.Build.0 = Debug|Any CPU
		{8F170FED-E7AB-4440-B51C-CC694E20176E}.Debug|Any CPU.Deploy.0 = Debug|Any CPU
		{8F170FED-E7AB-4440-B51C-CC694E20176E}.Debug|iPhone.ActiveCfg = Debug|Any CPU
		{8F170FED-E7AB-4440-B51C-CC694E20176E}.Debug|iPhone.Build.0 = Debug|Any CPU
		{8F170FED-E7AB-4440-B51C-CC694E20176E}.Debug|iPhone.Deploy.0 = Debug|Any CPU
		{8F170FED-E7AB-4440-B51C-CC694E20176E}.Debug|iPhoneSimulator.ActiveCfg = Debug|Any CPU
		{8F170FED-E7AB-4440-B51C-CC694E20176E}.Debug|iPhoneSimulator.Build.0 = Debug|Any CPU
		{8F170FED-E7AB-4440-B51C-CC694E20176E}.Debug|iPhoneSimulator.Deploy.0 = Debug|Any CPU
		{8F170FED-E7AB-4440-B51C-CC694E20176E}.Release|Any CPU.ActiveCfg = Release|Any CPU
		{8F170FED-E7AB-4440-B51C-CC694E20176E}.Release|Any CPU.Build.0 = Release|Any CPU
		{8F170FED-E7AB-4440-B51C-CC694E20176E}.Release|Any CPU.Deploy.0 = Release|Any CPU
		{8F170FED-E7AB-4440-B51C-CC694E20176E}.Release|iPhone.ActiveCfg = Release|Any CPU
		{8F170FED-E7AB-4440-B51C-CC694E20176E}.Release|iPhone.Build.0 = Release|Any CPU
		{8F170FED-E7AB-4440-B51C-CC694E20176E}.Release|iPhone.Deploy.0 = Release|Any CPU
		{8F170FED-E7AB-4440-B51C-CC694E20176E}.Release|iPhoneSimulator.ActiveCfg = Release|Any CPU
		{8F170FED-E7AB-4440-B51C-CC694E20176E}.Release|iPhoneSimulator.Build.0 = Release|Any CPU
		{8F170FED-E7AB-4440-B51C-CC694E20176E}.Release|iPhoneSimulator.Deploy.0 = Release|Any CPU
	EndGlobalSection
	GlobalSection(SolutionProperties) = preSolution
		HideSolutionNode = FALSE
	EndGlobalSection
	GlobalSection(ExtensibilityGlobals) = postSolution
		SolutionGuid = {C6C23164-FF41-4AEB-84FB-95FC0A23BC0A}
	EndGlobalSection
EndGlobal
